
Microsoft Visual Studio Solution File, Format Version 12.00
# Visual Studio Version 16
VisualStudioVersion = 16.0.30309.148
MinimumVisualStudioVersion = 10.0.40219.1
Project("{FAE04EC0-301F-11D3-BF4B-00C04F79EFBC}") = "Pve", "Pve\Pve.csproj", "{CAE135BD-ACD5-4B5C-8FCE-2F6C0B7B1F7C}"
EndProject
Global
	GlobalSection(SolutionConfigurationPlatforms) = preSolution
		Debug|Any CPU = Debug|Any CPU
		Release|Any CPU = Release|Any CPU
	EndGlobalSection
	GlobalSection(ProjectConfigurationPlatforms) = postSolution
		{CAE135BD-ACD5-4B5C-8FCE-2F6C0B7B1F7C}.Debug|Any CPU.ActiveCfg = Debug|Any CPU
		{CAE135BD-ACD5-4B5C-8FCE-2F6C0B7B1F7C}.Debug|Any CPU.Build.0 = Debug|Any CPU
		{CAE135BD-ACD5-4B5C-8FCE-2F6C0B7B1F7C}.Release|Any CPU.ActiveCfg = Release|Any CPU
		{CAE135BD-ACD5-4B5C-8FCE-2F6C0B7B1F7C}.Release|Any CPU.Build.0 = Release|Any CPU
	EndGlobalSection
	GlobalSection(SolutionProperties) = preSolution
		HideSolutionNode = FALSE
	EndGlobalSection
	GlobalSection(ExtensibilityGlobals) = postSolution
		SolutionGuid = {C7EFFD5D-407C-4FB7-9AE8-A8DB03914DB2}
	EndGlobalSection
EndGlobal
